
Microsoft Visual Studio Solution File, Format Version 12.00
# Visual Studio 15
VisualStudioVersion = 15.0.28010.2003
MinimumVisualStudioVersion = 10.0.40219.1
Project("{9A19103F-16F7-4668-BE54-9A1E7A4F7556}") = "Amap.WebApi", "src\Amap.WebApi\Amap.WebApi.csproj", "{739C3FFA-9333-4002-A84D-45EFBB076B47}"
EndProject
Project("{2150E333-8FDC-42A3-9474-1A3956D46DE8}") = "test", "test", "{04CBF8DA-3E0E-4362-A58B-3FFE0202163B}"
EndProject
Project("{2150E333-8FDC-42A3-9474-1A3956D46DE8}") = "src", "src", "{E89860CF-C502-47E8-805D-9FA6A638D4C9}"
EndProject
Project("{9A19103F-16F7-4668-BE54-9A1E7A4F7556}") = "Amap.WebApi.Tests", "test\Amap.WebApi.Tests\Amap.WebApi.Tests.csproj", "{F1C02CB4-DF76-4F3F-BDF7-85EAE09D82DC}"
EndProject
Project("{2150E333-8FDC-42A3-9474-1A3956D46DE8}") = "Solution Items", "Solution Items", "{F719FA17-7B59-4F8C-B917-685C1130FBF1}"
	ProjectSection(SolutionItems) = preProject
		.editorconfig = .editorconfig
		Directory.build.props = Directory.build.props
	EndProjectSection
EndProject
Project("{FAE04EC0-301F-11D3-BF4B-00C04F79EFBC}") = "Amap.WebApi.Web", "test\Amap.WebApi.Web\Amap.WebApi.Web.csproj", "{6FBF76B6-F455-4151-85AF-D3992B54EB1F}"
EndProject
Project("{FAE04EC0-301F-11D3-BF4B-00C04F79EFBC}") = "Amap.WebApi.Shared", "src\Amap.WebApi.Shared\Amap.WebApi.Shared.csproj", "{C36E0726-9CAA-4B16-97D1-798F00E8920F}"
EndProject
Global
	GlobalSection(SolutionConfigurationPlatforms) = preSolution
		Debug|Any CPU = Debug|Any CPU
		Release|Any CPU = Release|Any CPU
	EndGlobalSection
	GlobalSection(ProjectConfigurationPlatforms) = postSolution
		{739C3FFA-9333-4002-A84D-45EFBB076B47}.Debug|Any CPU.ActiveCfg = Debug|Any CPU
		{739C3FFA-9333-4002-A84D-45EFBB076B47}.Debug|Any CPU.Build.0 = Debug|Any CPU
		{739C3FFA-9333-4002-A84D-45EFBB076B47}.Release|Any CPU.ActiveCfg = Release|Any CPU
		{739C3FFA-9333-4002-A84D-45EFBB076B47}.Release|Any CPU.Build.0 = Release|Any CPU
		{F1C02CB4-DF76-4F3F-BDF7-85EAE09D82DC}.Debug|Any CPU.ActiveCfg = Debug|Any CPU
		{F1C02CB4-DF76-4F3F-BDF7-85EAE09D82DC}.Debug|Any CPU.Build.0 = Debug|Any CPU
		{F1C02CB4-DF76-4F3F-BDF7-85EAE09D82DC}.Release|Any CPU.ActiveCfg = Release|Any CPU
		{F1C02CB4-DF76-4F3F-BDF7-85EAE09D82DC}.Release|Any CPU.Build.0 = Release|Any CPU
		{6FBF76B6-F455-4151-85AF-D3992B54EB1F}.Debug|Any CPU.ActiveCfg = Debug|Any CPU
		{6FBF76B6-F455-4151-85AF-D3992B54EB1F}.Debug|Any CPU.Build.0 = Debug|Any CPU
		{6FBF76B6-F455-4151-85AF-D3992B54EB1F}.Release|Any CPU.ActiveCfg = Release|Any CPU
		{6FBF76B6-F455-4151-85AF-D3992B54EB1F}.Release|Any CPU.Build.0 = Release|Any CPU
		{C36E0726-9CAA-4B16-97D1-798F00E8920F}.Debug|Any CPU.ActiveCfg = Debug|Any CPU
		{C36E0726-9CAA-4B16-97D1-798F00E8920F}.Debug|Any CPU.Build.0 = Debug|Any CPU
		{C36E0726-9CAA-4B16-97D1-798F00E8920F}.Release|Any CPU.ActiveCfg = Release|Any CPU
		{C36E0726-9CAA-4B16-97D1-798F00E8920F}.Release|Any CPU.Build.0 = Release|Any CPU
	EndGlobalSection
	GlobalSection(SolutionProperties) = preSolution
		HideSolutionNode = FALSE
	EndGlobalSection
	GlobalSection(NestedProjects) = preSolution
		{739C3FFA-9333-4002-A84D-45EFBB076B47} = {E89860CF-C502-47E8-805D-9FA6A638D4C9}
		{F1C02CB4-DF76-4F3F-BDF7-85EAE09D82DC} = {04CBF8DA-3E0E-4362-A58B-3FFE0202163B}
		{6FBF76B6-F455-4151-85AF-D3992B54EB1F} = {04CBF8DA-3E0E-4362-A58B-3FFE0202163B}
		{C36E0726-9CAA-4B16-97D1-798F00E8920F} = {E89860CF-C502-47E8-805D-9FA6A638D4C9}
	EndGlobalSection
	GlobalSection(ExtensibilityGlobals) = postSolution
		SolutionGuid = {1D05C31B-2702-4638-9F36-A7199CE32D92}
	EndGlobalSection
EndGlobal
